
Microsoft Visual Studio Solution File, Format Version 12.00
# Visual Studio Version 16
VisualStudioVersion = 16.0.31321.278
MinimumVisualStudioVersion = 10.0.40219.1
Project("{FAE04EC0-301F-11D3-BF4B-00C04F79EFBC}") = "NestedTuple", "NestedTuple\NestedTuple.csproj", "{B1002565-C7B3-41C4-83A0-502A08037F17}"
EndProject
Global
	GlobalSection(SolutionConfigurationPlatforms) = preSolution
		Debug|Any CPU = Debug|Any CPU
		Release|Any CPU = Release|Any CPU
	EndGlobalSection
	GlobalSection(ProjectConfigurationPlatforms) = postSolution
		{B1002565-C7B3-41C4-83A0-502A08037F17}.Debug|Any CPU.ActiveCfg = Debug|Any CPU
		{B1002565-C7B3-41C4-83A0-502A08037F17}.Debug|Any CPU.Build.0 = Debug|Any CPU
		{B1002565-C7B3-41C4-83A0-502A08037F17}.Release|Any CPU.ActiveCfg = Release|Any CPU
		{B1002565-C7B3-41C4-83A0-502A08037F17}.Release|Any CPU.Build.0 = Release|Any CPU
	EndGlobalSection
	GlobalSection(SolutionProperties) = preSolution
		HideSolutionNode = FALSE
	EndGlobalSection
	GlobalSection(ExtensibilityGlobals) = postSolution
		SolutionGuid = {7E5B94C5-69C6-430B-8312-936003B3EBA7}
	EndGlobalSection
EndGlobal
